
Microsoft Visual Studio Solution File, Format Version 12.00
# Visual Studio 14
VisualStudioVersion = 14.0.25420.1
MinimumVisualStudioVersion = 10.0.40219.1
Project("{FAE04EC0-301F-11D3-BF4B-00C04F79EFBC}") = "IOC", "IOC\IOC.csproj", "{B03C4712-081B-4C9B-BC26-18A85D60081A}"
EndProject
Project("{FAE04EC0-301F-11D3-BF4B-00C04F79EFBC}") = "MyIocContainer", "MYIocContainer\MyIocContainer.csproj", "{78E8F4D0-A79C-45BF-A79A-264D45442B43}"
EndProject
Project("{FAE04EC0-301F-11D3-BF4B-00C04F79EFBC}") = "MyIocContainer.Tests", "MyIocContainer.Tests\MyIocContainer.Tests.csproj", "{CD657C65-1D25-4651-A8BE-D89E7F69E89B}"
EndProject
Global
	GlobalSection(SolutionConfigurationPlatforms) = preSolution
		Debug|Any CPU = Debug|Any CPU
		Release|Any CPU = Release|Any CPU
	EndGlobalSection
	GlobalSection(ProjectConfigurationPlatforms) = postSolution
		{B03C4712-081B-4C9B-BC26-18A85D60081A}.Debug|Any CPU.ActiveCfg = Debug|Any CPU
		{B03C4712-081B-4C9B-BC26-18A85D60081A}.Debug|Any CPU.Build.0 = Debug|Any CPU
		{B03C4712-081B-4C9B-BC26-18A85D60081A}.Release|Any CPU.ActiveCfg = Release|Any CPU
		{B03C4712-081B-4C9B-BC26-18A85D60081A}.Release|Any CPU.Build.0 = Release|Any CPU
		{78E8F4D0-A79C-45BF-A79A-264D45442B43}.Debug|Any CPU.ActiveCfg = Debug|Any CPU
		{78E8F4D0-A79C-45BF-A79A-264D45442B43}.Debug|Any CPU.Build.0 = Debug|Any CPU
		{78E8F4D0-A79C-45BF-A79A-264D45442B43}.Release|Any CPU.ActiveCfg = Release|Any CPU
		{78E8F4D0-A79C-45BF-A79A-264D45442B43}.Release|Any CPU.Build.0 = Release|Any CPU
		{CD657C65-1D25-4651-A8BE-D89E7F69E89B}.Debug|Any CPU.ActiveCfg = Debug|Any CPU
		{CD657C65-1D25-4651-A8BE-D89E7F69E89B}.Debug|Any CPU.Build.0 = Debug|Any CPU
		{CD657C65-1D25-4651-A8BE-D89E7F69E89B}.Release|Any CPU.ActiveCfg = Release|Any CPU
		{CD657C65-1D25-4651-A8BE-D89E7F69E89B}.Release|Any CPU.Build.0 = Release|Any CPU
	EndGlobalSection
	GlobalSection(SolutionProperties) = preSolution
		HideSolutionNode = FALSE
	EndGlobalSection
EndGlobal
